
Microsoft Visual Studio Solution File, Format Version 12.00
# Visual Studio 15
VisualStudioVersion = 15.0.28010.2026
MinimumVisualStudioVersion = 10.0.40219.1
Project("{9A19103F-16F7-4668-BE54-9A1E7A4F7556}") = "CommonSubgraphFinder", "CommonSubgraphFinder\CommonSubgraphFinder.csproj", "{58DC6FF0-F901-47AF-93B2-CC87FED91A42}"
EndProject
Project("{FAE04EC0-301F-11D3-BF4B-00C04F79EFBC}") = "CommonSubgraphFinder.ExampleCreator", "CommonSubgraphFinder.ExampleCreator\CommonSubgraphFinder.ExampleCreator.csproj", "{B775BB45-2FF6-4B91-8ACB-DDFA0C290CA7}"
EndProject
Global
	GlobalSection(SolutionConfigurationPlatforms) = preSolution
		Debug|Any CPU = Debug|Any CPU
		Release|Any CPU = Release|Any CPU
	EndGlobalSection
	GlobalSection(ProjectConfigurationPlatforms) = postSolution
		{58DC6FF0-F901-47AF-93B2-CC87FED91A42}.Debug|Any CPU.ActiveCfg = Debug|Any CPU
		{58DC6FF0-F901-47AF-93B2-CC87FED91A42}.Debug|Any CPU.Build.0 = Debug|Any CPU
		{58DC6FF0-F901-47AF-93B2-CC87FED91A42}.Release|Any CPU.ActiveCfg = Release|Any CPU
		{58DC6FF0-F901-47AF-93B2-CC87FED91A42}.Release|Any CPU.Build.0 = Release|Any CPU
		{B775BB45-2FF6-4B91-8ACB-DDFA0C290CA7}.Debug|Any CPU.ActiveCfg = Debug|Any CPU
		{B775BB45-2FF6-4B91-8ACB-DDFA0C290CA7}.Debug|Any CPU.Build.0 = Debug|Any CPU
		{B775BB45-2FF6-4B91-8ACB-DDFA0C290CA7}.Release|Any CPU.ActiveCfg = Release|Any CPU
		{B775BB45-2FF6-4B91-8ACB-DDFA0C290CA7}.Release|Any CPU.Build.0 = Release|Any CPU
	EndGlobalSection
	GlobalSection(SolutionProperties) = preSolution
		HideSolutionNode = FALSE
	EndGlobalSection
	GlobalSection(ExtensibilityGlobals) = postSolution
		SolutionGuid = {9BC0496B-058E-4DE1-811A-F5D40B4F3635}
	EndGlobalSection
EndGlobal
